
Microsoft Visual Studio Solution File, Format Version 11.00
# Visual Studio 2010
Project("{FAE04EC0-301F-11D3-BF4B-00C04F79EFBC}") = "Unity.2D.PixelPerfect.Tests", "Unity.2D.PixelPerfect.Tests.csproj", "{9F81EE9B-5809-2938-C0B8-DB0CFCEB7F78}"
EndProject
Project("{FAE04EC0-301F-11D3-BF4B-00C04F79EFBC}") = "UnityEngine.TestRunner", "UnityEngine.TestRunner.csproj", "{087E104F-13DA-B3E9-CB36-93928F6E43DE}"
EndProject
Project("{FAE04EC0-301F-11D3-BF4B-00C04F79EFBC}") = "Unity.Mathematics", "Unity.Mathematics.csproj", "{33DCA665-FD5E-CC46-2253-812E4CA07422}"
EndProject
Project("{FAE04EC0-301F-11D3-BF4B-00C04F79EFBC}") = "Unity.2D.Animation.Triangle.Runtime", "Unity.2D.Animation.Triangle.Runtime.csproj", "{67A292BC-1B48-1E0B-075D-90D996C1BCA6}"
EndProject
Project("{FAE04EC0-301F-11D3-BF4B-00C04F79EFBC}") = "UnityEngine.UI.Tests", "UnityEngine.UI.Tests.csproj", "{46A4B25E-B9BC-C529-6021-109B931ECBCD}"
EndProject
Project("{FAE04EC0-301F-11D3-BF4B-00C04F79EFBC}") = "Unity.Timeline", "Unity.Timeline.csproj", "{4DC351F0-1B67-066F-65D2-F53DF0DF6738}"
EndProject
Project("{FAE04EC0-301F-11D3-BF4B-00C04F79EFBC}") = "UnityEngine.UI", "UnityEngine.UI.csproj", "{02C1AED4-8782-ED4E-7203-83A3A4C64AB0}"
EndProject
Project("{FAE04EC0-301F-11D3-BF4B-00C04F79EFBC}") = "Unity.TextMeshPro", "Unity.TextMeshPro.csproj", "{2E397815-A0CD-A262-120C-013EFF81EF0D}"
EndProject
Project("{FAE04EC0-301F-11D3-BF4B-00C04F79EFBC}") = "Unity.2D.Animation.Runtime", "Unity.2D.Animation.Runtime.csproj", "{60E21699-B23D-951A-05A8-B24C91E19873}"
EndProject
Project("{FAE04EC0-301F-11D3-BF4B-00C04F79EFBC}") = "Unity.2D.IK.Runtime", "Unity.2D.IK.Runtime.csproj", "{309FEB59-3456-C775-8209-20E0134E4D8F}"
EndProject
Project("{FAE04EC0-301F-11D3-BF4B-00C04F79EFBC}") = "Assembly-CSharp", "Assembly-CSharp.csproj", "{F65F6D18-6EAD-5A29-C096-BAE231FA643B}"
EndProject
Project("{FAE04EC0-301F-11D3-BF4B-00C04F79EFBC}") = "Unity.2D.SpriteShape.Runtime", "Unity.2D.SpriteShape.Runtime.csproj", "{6D20D0BE-703F-6418-AE3C-B4F27F7BBC91}"
EndProject
Project("{FAE04EC0-301F-11D3-BF4B-00C04F79EFBC}") = "Unity.2D.PixelPerfect", "Unity.2D.PixelPerfect.csproj", "{1340322E-ED7D-CA88-C37C-EBDC9BD597DF}"
EndProject
Project("{FAE04EC0-301F-11D3-BF4B-00C04F79EFBC}") = "Unity.2D.Common.Runtime", "Unity.2D.Common.Runtime.csproj", "{CA5815CF-9966-8682-AB0E-9C075879BC6D}"
EndProject
Project("{FAE04EC0-301F-11D3-BF4B-00C04F79EFBC}") = "Unity.TextMeshPro.Tests", "Unity.TextMeshPro.Tests.csproj", "{9B71F7AA-3147-1419-D2B1-CF1224F675E5}"
EndProject
Project("{FAE04EC0-301F-11D3-BF4B-00C04F79EFBC}") = "Unity.InternalAPIEngineBridge.001", "Unity.InternalAPIEngineBridge.001.csproj", "{E0FCEA76-BD33-D8E0-B0C2-1FA295FDF070}"
EndProject
Project("{FAE04EC0-301F-11D3-BF4B-00C04F79EFBC}") = "UnityEditor.TestRunner", "UnityEditor.TestRunner.csproj", "{5E2FD142-5F7D-E181-3FF7-39EF11080481}"
EndProject
Project("{FAE04EC0-301F-11D3-BF4B-00C04F79EFBC}") = "Unity.PlasticSCM.Editor", "Unity.PlasticSCM.Editor.csproj", "{8FB8F701-86DB-BA45-10D7-BAE8F2BA1119}"
EndProject
Project("{FAE04EC0-301F-11D3-BF4B-00C04F79EFBC}") = "UnityEditor.UI", "UnityEditor.UI.csproj", "{A9029350-0344-5AFA-0AAD-13D912A22C52}"
EndProject
Project("{FAE04EC0-301F-11D3-BF4B-00C04F79EFBC}") = "Unity.Services.Core.Editor", "Unity.Services.Core.Editor.csproj", "{C70614BD-C73C-3622-6534-86C63A9E9539}"
EndProject
Project("{FAE04EC0-301F-11D3-BF4B-00C04F79EFBC}") = "Unity.Timeline.Editor", "Unity.Timeline.Editor.csproj", "{7E50E75F-0FD1-F82B-76FE-FDBD81856AB6}"
EndProject
Project("{FAE04EC0-301F-11D3-BF4B-00C04F79EFBC}") = "Unity.VisualStudio.Editor", "Unity.VisualStudio.Editor.csproj", "{2F390159-E72D-9537-808A-585BD71C0971}"
EndProject
Project("{FAE04EC0-301F-11D3-BF4B-00C04F79EFBC}") = "Unity.2D.Psdimporter.Editor", "Unity.2D.Psdimporter.Editor.csproj", "{9573239A-9334-E3AF-3FDB-EF9B8EBC589F}"
EndProject
Project("{FAE04EC0-301F-11D3-BF4B-00C04F79EFBC}") = "Unity.2D.Animation.Editor", "Unity.2D.Animation.Editor.csproj", "{10089BE3-B514-A2DB-2841-5A022629CC05}"
EndProject
Project("{FAE04EC0-301F-11D3-BF4B-00C04F79EFBC}") = "Unity.TextMeshPro.Editor", "Unity.TextMeshPro.Editor.csproj", "{4C722052-6AFF-AD76-8BC0-055142B922CE}"
EndProject
Project("{FAE04EC0-301F-11D3-BF4B-00C04F79EFBC}") = "Unity.2D.SpriteShape.Editor", "Unity.2D.SpriteShape.Editor.csproj", "{90B7DDBD-61E1-7B1B-3165-5B730669BC57}"
EndProject
Project("{FAE04EC0-301F-11D3-BF4B-00C04F79EFBC}") = "Unity.CollabProxy.Editor", "Unity.CollabProxy.Editor.csproj", "{397356EF-7145-3969-9D5C-40B32D9D2D7C}"
EndProject
Project("{FAE04EC0-301F-11D3-BF4B-00C04F79EFBC}") = "PsdPlugin", "PsdPlugin.csproj", "{C4D73497-BA61-9B6C-A2F5-CBB71ABF9F17}"
EndProject
Project("{FAE04EC0-301F-11D3-BF4B-00C04F79EFBC}") = "DocCodeExamples", "DocCodeExamples.csproj", "{56365FE3-BB0F-BF99-BCDE-AEE158ADD9FC}"
EndProject
Project("{FAE04EC0-301F-11D3-BF4B-00C04F79EFBC}") = "Unity.2D.Path.Editor", "Unity.2D.Path.Editor.csproj", "{29245A69-F911-5D73-AE61-BA7B11D2F54C}"
EndProject
Project("{FAE04EC0-301F-11D3-BF4B-00C04F79EFBC}") = "Unity.Mathematics.Tests", "Unity.Mathematics.Tests.csproj", "{F5EF5D1E-BD0B-1F4E-0E6F-5CB8B14728FC}"
EndProject
Project("{FAE04EC0-301F-11D3-BF4B-00C04F79EFBC}") = "Unity.PlasticSCM.EditorTests", "Unity.PlasticSCM.EditorTests.csproj", "{ADA0CC98-6F4F-FC6E-00D8-E4B88C56B6A8}"
EndProject
Project("{FAE04EC0-301F-11D3-BF4B-00C04F79EFBC}") = "Unity.Rider.Editor", "Unity.Rider.Editor.csproj", "{245872A3-508E-9D42-59E8-A9422B160A88}"
EndProject
Project("{FAE04EC0-301F-11D3-BF4B-00C04F79EFBC}") = "UnityEditor.UI.EditorTests", "UnityEditor.UI.EditorTests.csproj", "{0A9F4B12-5C7E-04A7-E283-1AE1967C2EA2}"
EndProject
Project("{FAE04EC0-301F-11D3-BF4B-00C04F79EFBC}") = "Unity.CollabProxy.EditorTests", "Unity.CollabProxy.EditorTests.csproj", "{1FFBB0DD-8298-A38C-E1D1-40C7FB870327}"
EndProject
Project("{FAE04EC0-301F-11D3-BF4B-00C04F79EFBC}") = "Unity.2D.IK.Editor", "Unity.2D.IK.Editor.csproj", "{E277310E-F541-392F-125F-77F8E4BE5922}"
EndProject
Project("{FAE04EC0-301F-11D3-BF4B-00C04F79EFBC}") = "Unity.2D.SpriteShape.EditorTests", "Unity.2D.SpriteShape.EditorTests.csproj", "{8676D870-CF4A-80C4-1C39-3529B0C50602}"
EndProject
Project("{FAE04EC0-301F-11D3-BF4B-00C04F79EFBC}") = "Unity.2D.Sprite.Editor", "Unity.2D.Sprite.Editor.csproj", "{AB285277-4D1E-FC9B-E6D0-52B36B415995}"
EndProject
Project("{FAE04EC0-301F-11D3-BF4B-00C04F79EFBC}") = "Unity.2D.Tilemap.Editor", "Unity.2D.Tilemap.Editor.csproj", "{9CE139C9-B512-BB0A-803D-BB20AD1CD793}"
EndProject
Project("{FAE04EC0-301F-11D3-BF4B-00C04F79EFBC}") = "Unity.2D.PixelPerfect.Editor", "Unity.2D.PixelPerfect.Editor.csproj", "{34819375-814E-464A-0CA6-CF1CB42F64C6}"
EndProject
Project("{FAE04EC0-301F-11D3-BF4B-00C04F79EFBC}") = "Unity.VSCode.Editor", "Unity.VSCode.Editor.csproj", "{12C18018-72D5-BD2F-54CC-AD02AF11EFE5}"
EndProject
Project("{FAE04EC0-301F-11D3-BF4B-00C04F79EFBC}") = "Unity.2D.Common.Editor", "Unity.2D.Common.Editor.csproj", "{869E7FF6-BF23-8546-00D7-38A08AC1640B}"
EndProject
Project("{FAE04EC0-301F-11D3-BF4B-00C04F79EFBC}") = "Unity.Mathematics.Editor", "Unity.Mathematics.Editor.csproj", "{869E49F6-91E3-3845-526C-720BA2E7F58F}"
EndProject
Project("{FAE04EC0-301F-11D3-BF4B-00C04F79EFBC}") = "Unity.2D.PixelPerfect.Editor.Tests", "Unity.2D.PixelPerfect.Editor.Tests.csproj", "{80D690CA-D68C-2DAC-63B6-2BF13F949967}"
EndProject
Project("{FAE04EC0-301F-11D3-BF4B-00C04F79EFBC}") = "Unity.2D.Common.EditorTests", "Unity.2D.Common.EditorTests.csproj", "{CCF95225-F3F6-C622-DB2B-0FD7520B5B3F}"
EndProject
Project("{FAE04EC0-301F-11D3-BF4B-00C04F79EFBC}") = "Unity.2D.Path.Tests", "Unity.2D.Path.Tests.csproj", "{66081DA6-11BA-5448-B62D-D6966E1748A7}"
EndProject
Project("{FAE04EC0-301F-11D3-BF4B-00C04F79EFBC}") = "Unity.InternalAPIEditorBridge.001", "Unity.InternalAPIEditorBridge.001.csproj", "{79597739-76A4-5258-6590-FCECDD5EDC33}"
EndProject
Project("{FAE04EC0-301F-11D3-BF4B-00C04F79EFBC}") = "Unity.2D.Tilemap.Package.EditorTests", "Unity.2D.Tilemap.Package.EditorTests.csproj", "{727AC6AE-8866-330E-2046-282DFEFB7B51}"
EndProject
Project("{FAE04EC0-301F-11D3-BF4B-00C04F79EFBC}") = "Unity.2D.Psdimporter.EditorTests", "Unity.2D.Psdimporter.EditorTests.csproj", "{7C9DB8EB-8CE6-2B2B-91AA-AA9B967DC7CC}"
EndProject
Project("{FAE04EC0-301F-11D3-BF4B-00C04F79EFBC}") = "Unity.2D.Sprite.Package.EditorTests", "Unity.2D.Sprite.Package.EditorTests.csproj", "{1E59F3E6-C003-16FC-B3E6-0642A621BC0D}"
EndProject
Project("{FAE04EC0-301F-11D3-BF4B-00C04F79EFBC}") = "Unity.TextMeshPro.Editor.Tests", "Unity.TextMeshPro.Editor.Tests.csproj", "{12BFC9A7-0308-64EE-F260-2B935DEC8D98}"
EndProject
Project("{FAE04EC0-301F-11D3-BF4B-00C04F79EFBC}") = "Unity.2D.Animation.EditorTests", "Unity.2D.Animation.EditorTests.csproj", "{26C252D5-11F6-736E-3497-ADD4E2A13CF4}"
EndProject
Global
	GlobalSection(SolutionConfigurationPlatforms) = preSolution
		Debug|Any CPU = Debug|Any CPU
		Release|Any CPU = Release|Any CPU
	EndGlobalSection
	GlobalSection(ProjectConfigurationPlatforms) = postSolution
		{9F81EE9B-5809-2938-C0B8-DB0CFCEB7F78}.Debug|Any CPU.ActiveCfg = Debug|Any CPU
		{9F81EE9B-5809-2938-C0B8-DB0CFCEB7F78}.Debug|Any CPU.Build.0 = Debug|Any CPU
		{9F81EE9B-5809-2938-C0B8-DB0CFCEB7F78}.Release|Any CPU.ActiveCfg = Release|Any CPU
		{9F81EE9B-5809-2938-C0B8-DB0CFCEB7F78}.Release|Any CPU.Build.0 = Release|Any CPU
		{087E104F-13DA-B3E9-CB36-93928F6E43DE}.Debug|Any CPU.ActiveCfg = Debug|Any CPU
		{087E104F-13DA-B3E9-CB36-93928F6E43DE}.Debug|Any CPU.Build.0 = Debug|Any CPU
		{087E104F-13DA-B3E9-CB36-93928F6E43DE}.Release|Any CPU.ActiveCfg = Release|Any CPU
		{087E104F-13DA-B3E9-CB36-93928F6E43DE}.Release|Any CPU.Build.0 = Release|Any CPU
		{33DCA665-FD5E-CC46-2253-812E4CA07422}.Debug|Any CPU.ActiveCfg = Debug|Any CPU
		{33DCA665-FD5E-CC46-2253-812E4CA07422}.Debug|Any CPU.Build.0 = Debug|Any CPU
		{33DCA665-FD5E-CC46-2253-812E4CA07422}.Release|Any CPU.ActiveCfg = Release|Any CPU
		{33DCA665-FD5E-CC46-2253-812E4CA07422}.Release|Any CPU.Build.0 = Release|Any CPU
		{67A292BC-1B48-1E0B-075D-90D996C1BCA6}.Debug|Any CPU.ActiveCfg = Debug|Any CPU
		{67A292BC-1B48-1E0B-075D-90D996C1BCA6}.Debug|Any CPU.Build.0 = Debug|Any CPU
		{67A292BC-1B48-1E0B-075D-90D996C1BCA6}.Release|Any CPU.ActiveCfg = Release|Any CPU
		{67A292BC-1B48-1E0B-075D-90D996C1BCA6}.Release|Any CPU.Build.0 = Release|Any CPU
		{46A4B25E-B9BC-C529-6021-109B931ECBCD}.Debug|Any CPU.ActiveCfg = Debug|Any CPU
		{46A4B25E-B9BC-C529-6021-109B931ECBCD}.Debug|Any CPU.Build.0 = Debug|Any CPU
		{46A4B25E-B9BC-C529-6021-109B931ECBCD}.Release|Any CPU.ActiveCfg = Release|Any CPU
		{46A4B25E-B9BC-C529-6021-109B931ECBCD}.Release|Any CPU.Build.0 = Release|Any CPU
		{4DC351F0-1B67-066F-65D2-F53DF0DF6738}.Debug|Any CPU.ActiveCfg = Debug|Any CPU
		{4DC351F0-1B67-066F-65D2-F53DF0DF6738}.Debug|Any CPU.Build.0 = Debug|Any CPU
		{4DC351F0-1B67-066F-65D2-F53DF0DF6738}.Release|Any CPU.ActiveCfg = Release|Any CPU
		{4DC351F0-1B67-066F-65D2-F53DF0DF6738}.Release|Any CPU.Build.0 = Release|Any CPU
		{02C1AED4-8782-ED4E-7203-83A3A4C64AB0}.Debug|Any CPU.ActiveCfg = Debug|Any CPU
		{02C1AED4-8782-ED4E-7203-83A3A4C64AB0}.Debug|Any CPU.Build.0 = Debug|Any CPU
		{02C1AED4-8782-ED4E-7203-83A3A4C64AB0}.Release|Any CPU.ActiveCfg = Release|Any CPU
		{02C1AED4-8782-ED4E-7203-83A3A4C64AB0}.Release|Any CPU.Build.0 = Release|Any CPU
		{2E397815-A0CD-A262-120C-013EFF81EF0D}.Debug|Any CPU.ActiveCfg = Debug|Any CPU
		{2E397815-A0CD-A262-120C-013EFF81EF0D}.Debug|Any CPU.Build.0 = Debug|Any CPU
		{2E397815-A0CD-A262-120C-013EFF81EF0D}.Release|Any CPU.ActiveCfg = Release|Any CPU
		{2E397815-A0CD-A262-120C-013EFF81EF0D}.Release|Any CPU.Build.0 = Release|Any CPU
		{60E21699-B23D-951A-05A8-B24C91E19873}.Debug|Any CPU.ActiveCfg = Debug|Any CPU
		{60E21699-B23D-951A-05A8-B24C91E19873}.Debug|Any CPU.Build.0 = Debug|Any CPU
		{60E21699-B23D-951A-05A8-B24C91E19873}.Release|Any CPU.ActiveCfg = Release|Any CPU
		{60E21699-B23D-951A-05A8-B24C91E19873}.Release|Any CPU.Build.0 = Release|Any CPU
		{309FEB59-3456-C775-8209-20E0134E4D8F}.Debug|Any CPU.ActiveCfg = Debug|Any CPU
		{309FEB59-3456-C775-8209-20E0134E4D8F}.Debug|Any CPU.Build.0 = Debug|Any CPU
		{309FEB59-3456-C775-8209-20E0134E4D8F}.Release|Any CPU.ActiveCfg = Release|Any CPU
		{309FEB59-3456-C775-8209-20E0134E4D8F}.Release|Any CPU.Build.0 = Release|Any CPU
		{F65F6D18-6EAD-5A29-C096-BAE231FA643B}.Debug|Any CPU.ActiveCfg = Debug|Any CPU
		{F65F6D18-6EAD-5A29-C096-BAE231FA643B}.Debug|Any CPU.Build.0 = Debug|Any CPU
		{F65F6D18-6EAD-5A29-C096-BAE231FA643B}.Release|Any CPU.ActiveCfg = Release|Any CPU
		{F65F6D18-6EAD-5A29-C096-BAE231FA643B}.Release|Any CPU.Build.0 = Release|Any CPU
		{6D20D0BE-703F-6418-AE3C-B4F27F7BBC91}.Debug|Any CPU.ActiveCfg = Debug|Any CPU
		{6D20D0BE-703F-6418-AE3C-B4F27F7BBC91}.Debug|Any CPU.Build.0 = Debug|Any CPU
		{6D20D0BE-703F-6418-AE3C-B4F27F7BBC91}.Release|Any CPU.ActiveCfg = Release|Any CPU
		{6D20D0BE-703F-6418-AE3C-B4F27F7BBC91}.Release|Any CPU.Build.0 = Release|Any CPU
		{1340322E-ED7D-CA88-C37C-EBDC9BD597DF}.Debug|Any CPU.ActiveCfg = Debug|Any CPU
		{1340322E-ED7D-CA88-C37C-EBDC9BD597DF}.Debug|Any CPU.Build.0 = Debug|Any CPU
		{1340322E-ED7D-CA88-C37C-EBDC9BD597DF}.Release|Any CPU.ActiveCfg = Release|Any CPU
		{1340322E-ED7D-CA88-C37C-EBDC9BD597DF}.Release|Any CPU.Build.0 = Release|Any CPU
		{CA5815CF-9966-8682-AB0E-9C075879BC6D}.Debug|Any CPU.ActiveCfg = Debug|Any CPU
		{CA5815CF-9966-8682-AB0E-9C075879BC6D}.Debug|Any CPU.Build.0 = Debug|Any CPU
		{CA5815CF-9966-8682-AB0E-9C075879BC6D}.Release|Any CPU.ActiveCfg = Release|Any CPU
		{CA5815CF-9966-8682-AB0E-9C075879BC6D}.Release|Any CPU.Build.0 = Release|Any CPU
		{9B71F7AA-3147-1419-D2B1-CF1224F675E5}.Debug|Any CPU.ActiveCfg = Debug|Any CPU
		{9B71F7AA-3147-1419-D2B1-CF1224F675E5}.Debug|Any CPU.Build.0 = Debug|Any CPU
		{9B71F7AA-3147-1419-D2B1-CF1224F675E5}.Release|Any CPU.ActiveCfg = Release|Any CPU
		{9B71F7AA-3147-1419-D2B1-CF1224F675E5}.Release|Any CPU.Build.0 = Release|Any CPU
		{E0FCEA76-BD33-D8E0-B0C2-1FA295FDF070}.Debug|Any CPU.ActiveCfg = Debug|Any CPU
		{E0FCEA76-BD33-D8E0-B0C2-1FA295FDF070}.Debug|Any CPU.Build.0 = Debug|Any CPU
		{E0FCEA76-BD33-D8E0-B0C2-1FA295FDF070}.Release|Any CPU.ActiveCfg = Release|Any CPU
		{E0FCEA76-BD33-D8E0-B0C2-1FA295FDF070}.Release|Any CPU.Build.0 = Release|Any CPU
		{5E2FD142-5F7D-E181-3FF7-39EF11080481}.Debug|Any CPU.ActiveCfg = Debug|Any CPU
		{5E2FD142-5F7D-E181-3FF7-39EF11080481}.Debug|Any CPU.Build.0 = Debug|Any CPU
		{5E2FD142-5F7D-E181-3FF7-39EF11080481}.Release|Any CPU.ActiveCfg = Release|Any CPU
		{5E2FD142-5F7D-E181-3FF7-39EF11080481}.Release|Any CPU.Build.0 = Release|Any CPU
		{8FB8F701-86DB-BA45-10D7-BAE8F2BA1119}.Debug|Any CPU.ActiveCfg = Debug|Any CPU
		{8FB8F701-86DB-BA45-10D7-BAE8F2BA1119}.Debug|Any CPU.Build.0 = Debug|Any CPU
		{8FB8F701-86DB-BA45-10D7-BAE8F2BA1119}.Release|Any CPU.ActiveCfg = Release|Any CPU
		{8FB8F701-86DB-BA45-10D7-BAE8F2BA1119}.Release|Any CPU.Build.0 = Release|Any CPU
		{A9029350-0344-5AFA-0AAD-13D912A22C52}.Debug|Any CPU.ActiveCfg = Debug|Any CPU
		{A9029350-0344-5AFA-0AAD-13D912A22C52}.Debug|Any CPU.Build.0 = Debug|Any CPU
		{A9029350-0344-5AFA-0AAD-13D912A22C52}.Release|Any CPU.ActiveCfg = Release|Any CPU
		{A9029350-0344-5AFA-0AAD-13D912A22C52}.Release|Any CPU.Build.0 = Release|Any CPU
		{C70614BD-C73C-3622-6534-86C63A9E9539}.Debug|Any CPU.ActiveCfg = Debug|Any CPU
		{C70614BD-C73C-3622-6534-86C63A9E9539}.Debug|Any CPU.Build.0 = Debug|Any CPU
		{C70614BD-C73C-3622-6534-86C63A9E9539}.Release|Any CPU.ActiveCfg = Release|Any CPU
		{C70614BD-C73C-3622-6534-86C63A9E9539}.Release|Any CPU.Build.0 = Release|Any CPU
		{7E50E75F-0FD1-F82B-76FE-FDBD81856AB6}.Debug|Any CPU.ActiveCfg = Debug|Any CPU
		{7E50E75F-0FD1-F82B-76FE-FDBD81856AB6}.Debug|Any CPU.Build.0 = Debug|Any CPU
		{7E50E75F-0FD1-F82B-76FE-FDBD81856AB6}.Release|Any CPU.ActiveCfg = Release|Any CPU
		{7E50E75F-0FD1-F82B-76FE-FDBD81856AB6}.Release|Any CPU.Build.0 = Release|Any CPU
		{2F390159-E72D-9537-808A-585BD71C0971}.Debug|Any CPU.ActiveCfg = Debug|Any CPU
		{2F390159-E72D-9537-808A-585BD71C0971}.Debug|Any CPU.Build.0 = Debug|Any CPU
		{2F390159-E72D-9537-808A-585BD71C0971}.Release|Any CPU.ActiveCfg = Release|Any CPU
		{2F390159-E72D-9537-808A-585BD71C0971}.Release|Any CPU.Build.0 = Release|Any CPU
		{9573239A-9334-E3AF-3FDB-EF9B8EBC589F}.Debug|Any CPU.ActiveCfg = Debug|Any CPU
		{9573239A-9334-E3AF-3FDB-EF9B8EBC589F}.Debug|Any CPU.Build.0 = Debug|Any CPU
		{9573239A-9334-E3AF-3FDB-EF9B8EBC589F}.Release|Any CPU.ActiveCfg = Release|Any CPU
		{9573239A-9334-E3AF-3FDB-EF9B8EBC589F}.Release|Any CPU.Build.0 = Release|Any CPU
		{10089BE3-B514-A2DB-2841-5A022629CC05}.Debug|Any CPU.ActiveCfg = Debug|Any CPU
		{10089BE3-B514-A2DB-2841-5A022629CC05}.Debug|Any CPU.Build.0 = Debug|Any CPU
		{10089BE3-B514-A2DB-2841-5A022629CC05}.Release|Any CPU.ActiveCfg = Release|Any CPU
		{10089BE3-B514-A2DB-2841-5A022629CC05}.Release|Any CPU.Build.0 = Release|Any CPU
		{4C722052-6AFF-AD76-8BC0-055142B922CE}.Debug|Any CPU.ActiveCfg = Debug|Any CPU
		{4C722052-6AFF-AD76-8BC0-055142B922CE}.Debug|Any CPU.Build.0 = Debug|Any CPU
		{4C722052-6AFF-AD76-8BC0-055142B922CE}.Release|Any CPU.ActiveCfg = Release|Any CPU
		{4C722052-6AFF-AD76-8BC0-055142B922CE}.Release|Any CPU.Build.0 = Release|Any CPU
		{90B7DDBD-61E1-7B1B-3165-5B730669BC57}.Debug|Any CPU.ActiveCfg = Debug|Any CPU
		{90B7DDBD-61E1-7B1B-3165-5B730669BC57}.Debug|Any CPU.Build.0 = Debug|Any CPU
		{90B7DDBD-61E1-7B1B-3165-5B730669BC57}.Release|Any CPU.ActiveCfg = Release|Any CPU
		{90B7DDBD-61E1-7B1B-3165-5B730669BC57}.Release|Any CPU.Build.0 = Release|Any CPU
		{397356EF-7145-3969-9D5C-40B32D9D2D7C}.Debug|Any CPU.ActiveCfg = Debug|Any CPU
		{397356EF-7145-3969-9D5C-40B32D9D2D7C}.Debug|Any CPU.Build.0 = Debug|Any CPU
		{397356EF-7145-3969-9D5C-40B32D9D2D7C}.Release|Any CPU.ActiveCfg = Release|Any CPU
		{397356EF-7145-3969-9D5C-40B32D9D2D7C}.Release|Any CPU.Build.0 = Release|Any CPU
		{C4D73497-BA61-9B6C-A2F5-CBB71ABF9F17}.Debug|Any CPU.ActiveCfg = Debug|Any CPU
		{C4D73497-BA61-9B6C-A2F5-CBB71ABF9F17}.Debug|Any CPU.Build.0 = Debug|Any CPU
		{C4D73497-BA61-9B6C-A2F5-CBB71ABF9F17}.Release|Any CPU.ActiveCfg = Release|Any CPU
		{C4D73497-BA61-9B6C-A2F5-CBB71ABF9F17}.Release|Any CPU.Build.0 = Release|Any CPU
		{56365FE3-BB0F-BF99-BCDE-AEE158ADD9FC}.Debug|Any CPU.ActiveCfg = Debug|Any CPU
		{56365FE3-BB0F-BF99-BCDE-AEE158ADD9FC}.Debug|Any CPU.Build.0 = Debug|Any CPU
		{56365FE3-BB0F-BF99-BCDE-AEE158ADD9FC}.Release|Any CPU.ActiveCfg = Release|Any CPU
		{56365FE3-BB0F-BF99-BCDE-AEE158ADD9FC}.Release|Any CPU.Build.0 = Release|Any CPU
		{29245A69-F911-5D73-AE61-BA7B11D2F54C}.Debug|Any CPU.ActiveCfg = Debug|Any CPU
		{29245A69-F911-5D73-AE61-BA7B11D2F54C}.Debug|Any CPU.Build.0 = Debug|Any CPU
		{29245A69-F911-5D73-AE61-BA7B11D2F54C}.Release|Any CPU.ActiveCfg = Release|Any CPU
		{29245A69-F911-5D73-AE61-BA7B11D2F54C}.Release|Any CPU.Build.0 = Release|Any CPU
		{F5EF5D1E-BD0B-1F4E-0E6F-5CB8B14728FC}.Debug|Any CPU.ActiveCfg = Debug|Any CPU
		{F5EF5D1E-BD0B-1F4E-0E6F-5CB8B14728FC}.Debug|Any CPU.Build.0 = Debug|Any CPU
		{F5EF5D1E-BD0B-1F4E-0E6F-5CB8B14728FC}.Release|Any CPU.ActiveCfg = Release|Any CPU
		{F5EF5D1E-BD0B-1F4E-0E6F-5CB8B14728FC}.Release|Any CPU.Build.0 = Release|Any CPU
		{ADA0CC98-6F4F-FC6E-00D8-E4B88C56B6A8}.Debug|Any CPU.ActiveCfg = Debug|Any CPU
		{ADA0CC98-6F4F-FC6E-00D8-E4B88C56B6A8}.Debug|Any CPU.Build.0 = Debug|Any CPU
		{ADA0CC98-6F4F-FC6E-00D8-E4B88C56B6A8}.Release|Any CPU.ActiveCfg = Release|Any CPU
		{ADA0CC98-6F4F-FC6E-00D8-E4B88C56B6A8}.Release|Any CPU.Build.0 = Release|Any CPU
		{245872A3-508E-9D42-59E8-A9422B160A88}.Debug|Any CPU.ActiveCfg = Debug|Any CPU
		{245872A3-508E-9D42-59E8-A9422B160A88}.Debug|Any CPU.Build.0 = Debug|Any CPU
		{245872A3-508E-9D42-59E8-A9422B160A88}.Release|Any CPU.ActiveCfg = Release|Any CPU
		{245872A3-508E-9D42-59E8-A9422B160A88}.Release|Any CPU.Build.0 = Release|Any CPU
		{0A9F4B12-5C7E-04A7-E283-1AE1967C2EA2}.Debug|Any CPU.ActiveCfg = Debug|Any CPU
		{0A9F4B12-5C7E-04A7-E283-1AE1967C2EA2}.Debug|Any CPU.Build.0 = Debug|Any CPU
		{0A9F4B12-5C7E-04A7-E283-1AE1967C2EA2}.Release|Any CPU.ActiveCfg = Release|Any CPU
		{0A9F4B12-5C7E-04A7-E283-1AE1967C2EA2}.Release|Any CPU.Build.0 = Release|Any CPU
		{1FFBB0DD-8298-A38C-E1D1-40C7FB870327}.Debug|Any CPU.ActiveCfg = Debug|Any CPU
		{1FFBB0DD-8298-A38C-E1D1-40C7FB870327}.Debug|Any CPU.Build.0 = Debug|Any CPU
		{1FFBB0DD-8298-A38C-E1D1-40C7FB870327}.Release|Any CPU.ActiveCfg = Release|Any CPU
		{1FFBB0DD-8298-A38C-E1D1-40C7FB870327}.Release|Any CPU.Build.0 = Release|Any CPU
		{E277310E-F541-392F-125F-77F8E4BE5922}.Debug|Any CPU.ActiveCfg = Debug|Any CPU
		{E277310E-F541-392F-125F-77F8E4BE5922}.Debug|Any CPU.Build.0 = Debug|Any CPU
		{E277310E-F541-392F-125F-77F8E4BE5922}.Release|Any CPU.ActiveCfg = Release|Any CPU
		{E277310E-F541-392F-125F-77F8E4BE5922}.Release|Any CPU.Build.0 = Release|Any CPU
		{8676D870-CF4A-80C4-1C39-3529B0C50602}.Debug|Any CPU.ActiveCfg = Debug|Any CPU
		{8676D870-CF4A-80C4-1C39-3529B0C50602}.Debug|Any CPU.Build.0 = Debug|Any CPU
		{8676D870-CF4A-80C4-1C39-3529B0C50602}.Release|Any CPU.ActiveCfg = Release|Any CPU
		{8676D870-CF4A-80C4-1C39-3529B0C50602}.Release|Any CPU.Build.0 = Release|Any CPU
		{AB285277-4D1E-FC9B-E6D0-52B36B415995}.Debug|Any CPU.ActiveCfg = Debug|Any CPU
		{AB285277-4D1E-FC9B-E6D0-52B36B415995}.Debug|Any CPU.Build.0 = Debug|Any CPU
		{AB285277-4D1E-FC9B-E6D0-52B36B415995}.Release|Any CPU.ActiveCfg = Release|Any CPU
		{AB285277-4D1E-FC9B-E6D0-52B36B415995}.Release|Any CPU.Build.0 = Release|Any CPU
		{9CE139C9-B512-BB0A-803D-BB20AD1CD793}.Debug|Any CPU.ActiveCfg = Debug|Any CPU
		{9CE139C9-B512-BB0A-803D-BB20AD1CD793}.Debug|Any CPU.Build.0 = Debug|Any CPU
		{9CE139C9-B512-BB0A-803D-BB20AD1CD793}.Release|Any CPU.ActiveCfg = Release|Any CPU
		{9CE139C9-B512-BB0A-803D-BB20AD1CD793}.Release|Any CPU.Build.0 = Release|Any CPU
		{34819375-814E-464A-0CA6-CF1CB42F64C6}.Debug|Any CPU.ActiveCfg = Debug|Any CPU
		{34819375-814E-464A-0CA6-CF1CB42F64C6}.Debug|Any CPU.Build.0 = Debug|Any CPU
		{34819375-814E-464A-0CA6-CF1CB42F64C6}.Release|Any CPU.ActiveCfg = Release|Any CPU
		{34819375-814E-464A-0CA6-CF1CB42F64C6}.Release|Any CPU.Build.0 = Release|Any CPU
		{12C18018-72D5-BD2F-54CC-AD02AF11EFE5}.Debug|Any CPU.ActiveCfg = Debug|Any CPU
		{12C18018-72D5-BD2F-54CC-AD02AF11EFE5}.Debug|Any CPU.Build.0 = Debug|Any CPU
		{12C18018-72D5-BD2F-54CC-AD02AF11EFE5}.Release|Any CPU.ActiveCfg = Release|Any CPU
		{12C18018-72D5-BD2F-54CC-AD02AF11EFE5}.Release|Any CPU.Build.0 = Release|Any CPU
		{869E7FF6-BF23-8546-00D7-38A08AC1640B}.Debug|Any CPU.ActiveCfg = Debug|Any CPU
		{869E7FF6-BF23-8546-00D7-38A08AC1640B}.Debug|Any CPU.Build.0 = Debug|Any CPU
		{869E7FF6-BF23-8546-00D7-38A08AC1640B}.Release|Any CPU.ActiveCfg = Release|Any CPU
		{869E7FF6-BF23-8546-00D7-38A08AC1640B}.Release|Any CPU.Build.0 = Release|Any CPU
		{869E49F6-91E3-3845-526C-720BA2E7F58F}.Debug|Any CPU.ActiveCfg = Debug|Any CPU
		{869E49F6-91E3-3845-526C-720BA2E7F58F}.Debug|Any CPU.Build.0 = Debug|Any CPU
		{869E49F6-91E3-3845-526C-720BA2E7F58F}.Release|Any CPU.ActiveCfg = Release|Any CPU
		{869E49F6-91E3-3845-526C-720BA2E7F58F}.Release|Any CPU.Build.0 = Release|Any CPU
		{80D690CA-D68C-2DAC-63B6-2BF13F949967}.Debug|Any CPU.ActiveCfg = Debug|Any CPU
		{80D690CA-D68C-2DAC-63B6-2BF13F949967}.Debug|Any CPU.Build.0 = Debug|Any CPU
		{80D690CA-D68C-2DAC-63B6-2BF13F949967}.Release|Any CPU.ActiveCfg = Release|Any CPU
		{80D690CA-D68C-2DAC-63B6-2BF13F949967}.Release|Any CPU.Build.0 = Release|Any CPU
		{CCF95225-F3F6-C622-DB2B-0FD7520B5B3F}.Debug|Any CPU.ActiveCfg = Debug|Any CPU
		{CCF95225-F3F6-C622-DB2B-0FD7520B5B3F}.Debug|Any CPU.Build.0 = Debug|Any CPU
		{CCF95225-F3F6-C622-DB2B-0FD7520B5B3F}.Release|Any CPU.ActiveCfg = Release|Any CPU
		{CCF95225-F3F6-C622-DB2B-0FD7520B5B3F}.Release|Any CPU.Build.0 = Release|Any CPU
		{66081DA6-11BA-5448-B62D-D6966E1748A7}.Debug|Any CPU.ActiveCfg = Debug|Any CPU
		{66081DA6-11BA-5448-B62D-D6966E1748A7}.Debug|Any CPU.Build.0 = Debug|Any CPU
		{66081DA6-11BA-5448-B62D-D6966E1748A7}.Release|Any CPU.ActiveCfg = Release|Any CPU
		{66081DA6-11BA-5448-B62D-D6966E1748A7}.Release|Any CPU.Build.0 = Release|Any CPU
		{79597739-76A4-5258-6590-FCECDD5EDC33}.Debug|Any CPU.ActiveCfg = Debug|Any CPU
		{79597739-76A4-5258-6590-FCECDD5EDC33}.Debug|Any CPU.Build.0 = Debug|Any CPU
		{79597739-76A4-5258-6590-FCECDD5EDC33}.Release|Any CPU.ActiveCfg = Release|Any CPU
		{79597739-76A4-5258-6590-FCECDD5EDC33}.Release|Any CPU.Build.0 = Release|Any CPU
		{727AC6AE-8866-330E-2046-282DFEFB7B51}.Debug|Any CPU.ActiveCfg = Debug|Any CPU
		{727AC6AE-8866-330E-2046-282DFEFB7B51}.Debug|Any CPU.Build.0 = Debug|Any CPU
		{727AC6AE-8866-330E-2046-282DFEFB7B51}.Release|Any CPU.ActiveCfg = Release|Any CPU
		{727AC6AE-8866-330E-2046-282DFEFB7B51}.Release|Any CPU.Build.0 = Release|Any CPU
		{7C9DB8EB-8CE6-2B2B-91AA-AA9B967DC7CC}.Debug|Any CPU.ActiveCfg = Debug|Any CPU
		{7C9DB8EB-8CE6-2B2B-91AA-AA9B967DC7CC}.Debug|Any CPU.Build.0 = Debug|Any CPU
		{7C9DB8EB-8CE6-2B2B-91AA-AA9B967DC7CC}.Release|Any CPU.ActiveCfg = Release|Any CPU
		{7C9DB8EB-8CE6-2B2B-91AA-AA9B967DC7CC}.Release|Any CPU.Build.0 = Release|Any CPU
		{1E59F3E6-C003-16FC-B3E6-0642A621BC0D}.Debug|Any CPU.ActiveCfg = Debug|Any CPU
		{1E59F3E6-C003-16FC-B3E6-0642A621BC0D}.Debug|Any CPU.Build.0 = Debug|Any CPU
		{1E59F3E6-C003-16FC-B3E6-0642A621BC0D}.Release|Any CPU.ActiveCfg = Release|Any CPU
		{1E59F3E6-C003-16FC-B3E6-0642A621BC0D}.Release|Any CPU.Build.0 = Release|Any CPU
		{12BFC9A7-0308-64EE-F260-2B935DEC8D98}.Debug|Any CPU.ActiveCfg = Debug|Any CPU
		{12BFC9A7-0308-64EE-F260-2B935DEC8D98}.Debug|Any CPU.Build.0 = Debug|Any CPU
		{12BFC9A7-0308-64EE-F260-2B935DEC8D98}.Release|Any CPU.ActiveCfg = Release|Any CPU
		{12BFC9A7-0308-64EE-F260-2B935DEC8D98}.Release|Any CPU.Build.0 = Release|Any CPU
		{26C252D5-11F6-736E-3497-ADD4E2A13CF4}.Debug|Any CPU.ActiveCfg = Debug|Any CPU
		{26C252D5-11F6-736E-3497-ADD4E2A13CF4}.Debug|Any CPU.Build.0 = Debug|Any CPU
		{26C252D5-11F6-736E-3497-ADD4E2A13CF4}.Release|Any CPU.ActiveCfg = Release|Any CPU
		{26C252D5-11F6-736E-3497-ADD4E2A13CF4}.Release|Any CPU.Build.0 = Release|Any CPU
	EndGlobalSection
	GlobalSection(SolutionProperties) = preSolution
		HideSolutionNode = FALSE
	EndGlobalSection
EndGlobal
